
Microsoft Visual Studio Solution File, Format Version 12.00
# Visual Studio Version 17
VisualStudioVersion = 17.8.34004.107
MinimumVisualStudioVersion = 10.0.40219.1
Project("{FAE04EC0-301F-11D3-BF4B-00C04F79EFBC}") = "WCFCineStar", "WCFCineStar.csproj", "{44760F88-5439-4073-A474-9E4A641FEE7F}"
EndProject
Global
	GlobalSection(SolutionConfigurationPlatforms) = preSolution
		Debug|Any CPU = Debug|Any CPU
		Release|Any CPU = Release|Any CPU
	EndGlobalSection
	GlobalSection(ProjectConfigurationPlatforms) = postSolution
		{44760F88-5439-4073-A474-9E4A641FEE7F}.Debug|Any CPU.ActiveCfg = Debug|Any CPU
		{44760F88-5439-4073-A474-9E4A641FEE7F}.Debug|Any CPU.Build.0 = Debug|Any CPU
		{44760F88-5439-4073-A474-9E4A641FEE7F}.Release|Any CPU.ActiveCfg = Release|Any CPU
		{44760F88-5439-4073-A474-9E4A641FEE7F}.Release|Any CPU.Build.0 = Release|Any CPU
	EndGlobalSection
	GlobalSection(SolutionProperties) = preSolution
		HideSolutionNode = FALSE
	EndGlobalSection
	GlobalSection(ExtensibilityGlobals) = postSolution
		SolutionGuid = {FD9E68B4-B57F-47E6-8C6A-1EACE88B2BEE}
	EndGlobalSection
EndGlobal
